
Microsoft Visual Studio Solution File, Format Version 12.00
Project("{2150E333-8FDC-42A3-9474-1A3956D46DE8}") = "AuthGateway", "AuthGateway", "{184A2A00-A43B-42A5-9F74-0662CE7FDFFB}"
EndProject
Project("{FAE04EC0-301F-11D3-BF4B-00C04F79EFBC}") = "AuthGateway.ClientApi", "AuthGateway\AuthGateway.ClientApi\AuthGateway.ClientApi.csproj", "{D11FE131-E317-4730-A112-340A711C797D}"
EndProject
Project("{2150E333-8FDC-42A3-9474-1A3956D46DE8}") = "AuthGateway.Infrastructure", "AuthGateway\AuthGateway.Infrastructure", "{26EB3DA1-C408-4187-A4B2-A38A87D18570}"
EndProject
Project("{FAE04EC0-301F-11D3-BF4B-00C04F79EFBC}") = "AuthGateway.Business", "AuthGateway\AuthGateway.Business\AuthGateway.Business.csproj", "{CC5089D6-4168-47C9-9051-10DC861D8C1E}"
EndProject
Project("{FAE04EC0-301F-11D3-BF4B-00C04F79EFBC}") = "AuthGateway.Domain", "AuthGateway\AuthGateway.Domain\AuthGateway.Domain.csproj", "{C4238087-2B7D-47D1-A5B5-BFCA0F7FCE89}"
EndProject
Project("{FAE04EC0-301F-11D3-BF4B-00C04F79EFBC}") = "AuthGateway.Mediatr", "AuthGateway\AuthGateway.Mediatr\AuthGateway.Mediatr.csproj", "{FF3C4294-EE9A-4F38-8540-A36DA31C74D6}"
EndProject
Project("{2150E333-8FDC-42A3-9474-1A3956D46DE8}") = "CommonModule", "CommonModule", "{C276D86D-29CA-4C42-BF93-0213FA213732}"
EndProject
Project("{FAE04EC0-301F-11D3-BF4B-00C04F79EFBC}") = "CommonModule.Shared", "CommonModule\CommonModule.Shared\CommonModule.Shared.csproj", "{BF778B83-3DC0-4442-BB04-A786FCA0B2E0}"
EndProject
Project("{FAE04EC0-301F-11D3-BF4B-00C04F79EFBC}") = "CommonModule.Repositories", "CommonModule\CommonModule.Repositories\CommonModule.Repositories.csproj", "{8FE9FD0A-3644-47B8-ADAE-F6154A5D77F3}"
EndProject
Project("{FAE04EC0-301F-11D3-BF4B-00C04F79EFBC}") = "CommonModule.Provision", "CommonModule\CommonModule.Provision\CommonModule.Provision.csproj", "{274EE6F0-F2AE-4A84-B4AC-CD2333DA2914}"
EndProject
Project("{FAE04EC0-301F-11D3-BF4B-00C04F79EFBC}") = "CommonModule.Interfaces", "CommonModule\CommonModule.Interfaces\CommonModule.Interfaces.csproj", "{5D2F7A04-3F7D-4484-A649-079E636F6426}"
EndProject
Project("{FAE04EC0-301F-11D3-BF4B-00C04F79EFBC}") = "CommonModule.Facade", "CommonModule\CommonModule.Facade\CommonModule.Facade.csproj", "{7EA8E733-7A68-4B07-9175-30C0F1058672}"
EndProject
Project("{FAE04EC0-301F-11D3-BF4B-00C04F79EFBC}") = "CommonModule.Core", "CommonModule\CommonModule.Core\CommonModule.Core.csproj", "{EB387DCD-5F75-4335-AB4C-4440FF570019}"
EndProject
Project("{2150E333-8FDC-42A3-9474-1A3956D46DE8}") = "Dictionaries", "Dictionaries", "{AF5D928F-33CB-4DDD-966C-EA00F8B8E332}"
EndProject
Project("{2150E333-8FDC-42A3-9474-1A3956D46DE8}") = "Localizations", "Localizations", "{16A6D09E-E115-4E6F-9F8A-15403AC9982C}"
EndProject
Project("{FAE04EC0-301F-11D3-BF4B-00C04F79EFBC}") = "Localizations.ClientApi", "Localizations\Localizations.ClientApi\Localizations.ClientApi.csproj", "{2FEABEC6-5EE1-4367-B73D-27FA82A4B6DB}"
EndProject
Project("{2150E333-8FDC-42A3-9474-1A3956D46DE8}") = "Localizations.Infrastructure", "Localizations.Infrastructure", "{DB85D012-21ED-4CE7-B722-59228FD5DF5A}"
EndProject
Project("{FAE04EC0-301F-11D3-BF4B-00C04F79EFBC}") = "Localizations.Mediatr", "Localizations\Localizations.Mediatr\Localizations.Mediatr.csproj", "{76FB77AB-7820-43C1-888D-4084CEF37C7E}"
EndProject
Project("{FAE04EC0-301F-11D3-BF4B-00C04F79EFBC}") = "Localizations.Domain", "Localizations\Localizations.Domain\Localizations.Domain.csproj", "{488E6025-C963-4066-A305-18E9381EFD9F}"
EndProject
Project("{FAE04EC0-301F-11D3-BF4B-00C04F79EFBC}") = "Localizations.Business", "Localizations\Localizations.Business\Localizations.Business.csproj", "{F0CBCB41-C31F-4ED7-AC50-277E8AE8FE5A}"
EndProject
Project("{FAE04EC0-301F-11D3-BF4B-00C04F79EFBC}") = "Dictionaries.ClientApi", "Dictionaries\Dictionaries.ClientApi\Dictionaries.ClientApi.csproj", "{EED15B49-E592-48BA-A4EA-7C139B0F1DA9}"
EndProject
Project("{2150E333-8FDC-42A3-9474-1A3956D46DE8}") = "Dictionaries.Infrastructure", "Dictionaries.Infrastructure", "{D7262553-FA6B-4AE4-BE2B-4855E31CC7E1}"
EndProject
Project("{FAE04EC0-301F-11D3-BF4B-00C04F79EFBC}") = "Dictionaries.Domain", "Dictionaries\Dictionaries.Domain\Dictionaries.Domain.csproj", "{21317E3E-60C1-4777-BB4A-84393AD0E39D}"
EndProject
Project("{FAE04EC0-301F-11D3-BF4B-00C04F79EFBC}") = "Dictionaries.Mediatr", "Dictionaries\Dictionaries.Mediatr\Dictionaries.Mediatr.csproj", "{C1F7CBB4-AB37-43C6-B4A0-FAFBC070132D}"
EndProject
Project("{FAE04EC0-301F-11D3-BF4B-00C04F79EFBC}") = "Dictionaries.Business", "Dictionaries\Dictionaries.Business\Dictionaries.Business.csproj", "{1D636496-0FCD-4364-AA0A-D678511EDAD4}"
EndProject
Project("{2150E333-8FDC-42A3-9474-1A3956D46DE8}") = "AuditTrail", "AuditTrail", "{9625E1C2-575E-411C-9D85-C89E139AECF9}"
EndProject
Project("{FAE04EC0-301F-11D3-BF4B-00C04F79EFBC}") = "AuditTrail.ClientApi", "AuditTrail\AuditTrail.ClientApi\AuditTrail.ClientApi.csproj", "{F4FD8D33-FE97-4BD7-B2D1-5C7A5E03FE26}"
EndProject
Project("{2150E333-8FDC-42A3-9474-1A3956D46DE8}") = "AuditTrail.Infrastructure", "AuditTrail.Infrastructure", "{B770D584-10C8-4040-9CAA-DE1B3C9733A8}"
EndProject
Project("{FAE04EC0-301F-11D3-BF4B-00C04F79EFBC}") = "AuditTrail.Domain", "AuditTrail\AuditTrail.Domain\AuditTrail.Domain.csproj", "{D1F9E845-421B-497A-AC5B-60FAC2B79E8F}"
EndProject
Project("{FAE04EC0-301F-11D3-BF4B-00C04F79EFBC}") = "AuditTrail.Mediatr", "AuditTrail\AuditTrail.Mediatr\AuditTrail.Mediatr.csproj", "{F48F54AB-DAD7-42FE-8F00-E6AA8471BAB8}"
EndProject
Project("{FAE04EC0-301F-11D3-BF4B-00C04F79EFBC}") = "AuditTrail.Business", "AuditTrail\AuditTrail.Business\AuditTrail.Business.csproj", "{F85A7258-B828-4A65-ABEF-C3020D87953B}"
EndProject
Project("{FAE04EC0-301F-11D3-BF4B-00C04F79EFBC}") = "CommonModule.ClientApi", "CommonModule\CommonModule.ClientApi\CommonModule.ClientApi.csproj", "{4BE2159D-F5F6-4CFA-B3FA-40A0486243B9}"
EndProject
Project("{2150E333-8FDC-42A3-9474-1A3956D46DE8}") = "Profile", "Profile", "{21BE6074-EA58-42ED-9DB0-EC56AE57F41C}"
EndProject
Project("{FAE04EC0-301F-11D3-BF4B-00C04F79EFBC}") = "Profile.ClientApi", "Profile\Profile.ClientApi\Profile.ClientApi.csproj", "{7358E961-6CCA-4100-80AB-7979887E1F8B}"
EndProject
Project("{2150E333-8FDC-42A3-9474-1A3956D46DE8}") = "Profile.Infrastructure", "Profile\Profile.Infrastructure", "{CEA08191-892C-4549-8A32-DDE94708A38A}"
EndProject
Project("{FAE04EC0-301F-11D3-BF4B-00C04F79EFBC}") = "Profile.Business", "Profile\Profile.Business\Profile.Business.csproj", "{C10054DB-9033-457E-B527-8B74E5F2F6E5}"
EndProject
Project("{FAE04EC0-301F-11D3-BF4B-00C04F79EFBC}") = "Profile.Domain", "Profile\Profile.Domain\Profile.Domain.csproj", "{2EBBBACC-ED7C-4C9F-97D1-52DAA9308C83}"
EndProject
Project("{FAE04EC0-301F-11D3-BF4B-00C04F79EFBC}") = "Profile.Mediatr", "Profile\Profile.Mediatr\Profile.Mediatr.csproj", "{653FED67-F481-4F62-8CE7-28D8F6C4F102}"
EndProject
Project("{FAE04EC0-301F-11D3-BF4B-00C04F79EFBC}") = "CommonModule.GraphQL", "CommonModule\CommonModule.GraphQL\CommonModule.GraphQL.csproj", "{EE17A16E-D625-42B9-84BC-D56F079F6D28}"
EndProject
Project("{FAE04EC0-301F-11D3-BF4B-00C04F79EFBC}") = "AuthGateway.GraphQL", "AuthGateway.GraphQL\AuthGateway.GraphQL.csproj", "{51EBC7D6-3213-481F-90E2-A40DC63BF08B}"
EndProject
Project("{FAE04EC0-301F-11D3-BF4B-00C04F79EFBC}") = "Profile.GraphQL", "Profile.GraphQL\Profile.GraphQL.csproj", "{BD27FE3E-A882-4B47-9CA5-DB162FE5CD99}"
EndProject
Global
	GlobalSection(SolutionConfigurationPlatforms) = preSolution
		Debug|Any CPU = Debug|Any CPU
		Release|Any CPU = Release|Any CPU
	EndGlobalSection
	GlobalSection(NestedProjects) = preSolution
		{D11FE131-E317-4730-A112-340A711C797D} = {184A2A00-A43B-42A5-9F74-0662CE7FDFFB}
		{26EB3DA1-C408-4187-A4B2-A38A87D18570} = {184A2A00-A43B-42A5-9F74-0662CE7FDFFB}
		{CC5089D6-4168-47C9-9051-10DC861D8C1E} = {26EB3DA1-C408-4187-A4B2-A38A87D18570}
		{C4238087-2B7D-47D1-A5B5-BFCA0F7FCE89} = {26EB3DA1-C408-4187-A4B2-A38A87D18570}
		{FF3C4294-EE9A-4F38-8540-A36DA31C74D6} = {26EB3DA1-C408-4187-A4B2-A38A87D18570}
		{BF778B83-3DC0-4442-BB04-A786FCA0B2E0} = {C276D86D-29CA-4C42-BF93-0213FA213732}
		{8FE9FD0A-3644-47B8-ADAE-F6154A5D77F3} = {C276D86D-29CA-4C42-BF93-0213FA213732}
		{274EE6F0-F2AE-4A84-B4AC-CD2333DA2914} = {C276D86D-29CA-4C42-BF93-0213FA213732}
		{5D2F7A04-3F7D-4484-A649-079E636F6426} = {C276D86D-29CA-4C42-BF93-0213FA213732}
		{7EA8E733-7A68-4B07-9175-30C0F1058672} = {C276D86D-29CA-4C42-BF93-0213FA213732}
		{EB387DCD-5F75-4335-AB4C-4440FF570019} = {C276D86D-29CA-4C42-BF93-0213FA213732}
		{2FEABEC6-5EE1-4367-B73D-27FA82A4B6DB} = {16A6D09E-E115-4E6F-9F8A-15403AC9982C}
		{DB85D012-21ED-4CE7-B722-59228FD5DF5A} = {16A6D09E-E115-4E6F-9F8A-15403AC9982C}
		{76FB77AB-7820-43C1-888D-4084CEF37C7E} = {DB85D012-21ED-4CE7-B722-59228FD5DF5A}
		{488E6025-C963-4066-A305-18E9381EFD9F} = {DB85D012-21ED-4CE7-B722-59228FD5DF5A}
		{F0CBCB41-C31F-4ED7-AC50-277E8AE8FE5A} = {DB85D012-21ED-4CE7-B722-59228FD5DF5A}
		{EED15B49-E592-48BA-A4EA-7C139B0F1DA9} = {AF5D928F-33CB-4DDD-966C-EA00F8B8E332}
		{D7262553-FA6B-4AE4-BE2B-4855E31CC7E1} = {AF5D928F-33CB-4DDD-966C-EA00F8B8E332}
		{21317E3E-60C1-4777-BB4A-84393AD0E39D} = {D7262553-FA6B-4AE4-BE2B-4855E31CC7E1}
		{C1F7CBB4-AB37-43C6-B4A0-FAFBC070132D} = {D7262553-FA6B-4AE4-BE2B-4855E31CC7E1}
		{1D636496-0FCD-4364-AA0A-D678511EDAD4} = {D7262553-FA6B-4AE4-BE2B-4855E31CC7E1}
		{F4FD8D33-FE97-4BD7-B2D1-5C7A5E03FE26} = {9625E1C2-575E-411C-9D85-C89E139AECF9}
		{B770D584-10C8-4040-9CAA-DE1B3C9733A8} = {9625E1C2-575E-411C-9D85-C89E139AECF9}
		{D1F9E845-421B-497A-AC5B-60FAC2B79E8F} = {B770D584-10C8-4040-9CAA-DE1B3C9733A8}
		{F48F54AB-DAD7-42FE-8F00-E6AA8471BAB8} = {B770D584-10C8-4040-9CAA-DE1B3C9733A8}
		{F85A7258-B828-4A65-ABEF-C3020D87953B} = {B770D584-10C8-4040-9CAA-DE1B3C9733A8}
		{4BE2159D-F5F6-4CFA-B3FA-40A0486243B9} = {C276D86D-29CA-4C42-BF93-0213FA213732}
		{7358E961-6CCA-4100-80AB-7979887E1F8B} = {21BE6074-EA58-42ED-9DB0-EC56AE57F41C}
		{CEA08191-892C-4549-8A32-DDE94708A38A} = {21BE6074-EA58-42ED-9DB0-EC56AE57F41C}
		{C10054DB-9033-457E-B527-8B74E5F2F6E5} = {CEA08191-892C-4549-8A32-DDE94708A38A}
		{2EBBBACC-ED7C-4C9F-97D1-52DAA9308C83} = {CEA08191-892C-4549-8A32-DDE94708A38A}
		{653FED67-F481-4F62-8CE7-28D8F6C4F102} = {CEA08191-892C-4549-8A32-DDE94708A38A}
		{EE17A16E-D625-42B9-84BC-D56F079F6D28} = {C276D86D-29CA-4C42-BF93-0213FA213732}
		{51EBC7D6-3213-481F-90E2-A40DC63BF08B} = {26EB3DA1-C408-4187-A4B2-A38A87D18570}
		{BD27FE3E-A882-4B47-9CA5-DB162FE5CD99} = {CEA08191-892C-4549-8A32-DDE94708A38A}
	EndGlobalSection
	GlobalSection(ProjectConfigurationPlatforms) = postSolution
		{D11FE131-E317-4730-A112-340A711C797D}.Debug|Any CPU.ActiveCfg = Debug|Any CPU
		{D11FE131-E317-4730-A112-340A711C797D}.Debug|Any CPU.Build.0 = Debug|Any CPU
		{D11FE131-E317-4730-A112-340A711C797D}.Release|Any CPU.ActiveCfg = Release|Any CPU
		{D11FE131-E317-4730-A112-340A711C797D}.Release|Any CPU.Build.0 = Release|Any CPU
		{CC5089D6-4168-47C9-9051-10DC861D8C1E}.Debug|Any CPU.ActiveCfg = Debug|Any CPU
		{CC5089D6-4168-47C9-9051-10DC861D8C1E}.Debug|Any CPU.Build.0 = Debug|Any CPU
		{CC5089D6-4168-47C9-9051-10DC861D8C1E}.Release|Any CPU.ActiveCfg = Release|Any CPU
		{CC5089D6-4168-47C9-9051-10DC861D8C1E}.Release|Any CPU.Build.0 = Release|Any CPU
		{C4238087-2B7D-47D1-A5B5-BFCA0F7FCE89}.Debug|Any CPU.ActiveCfg = Debug|Any CPU
		{C4238087-2B7D-47D1-A5B5-BFCA0F7FCE89}.Debug|Any CPU.Build.0 = Debug|Any CPU
		{C4238087-2B7D-47D1-A5B5-BFCA0F7FCE89}.Release|Any CPU.ActiveCfg = Release|Any CPU
		{C4238087-2B7D-47D1-A5B5-BFCA0F7FCE89}.Release|Any CPU.Build.0 = Release|Any CPU
		{FF3C4294-EE9A-4F38-8540-A36DA31C74D6}.Debug|Any CPU.ActiveCfg = Debug|Any CPU
		{FF3C4294-EE9A-4F38-8540-A36DA31C74D6}.Debug|Any CPU.Build.0 = Debug|Any CPU
		{FF3C4294-EE9A-4F38-8540-A36DA31C74D6}.Release|Any CPU.ActiveCfg = Release|Any CPU
		{FF3C4294-EE9A-4F38-8540-A36DA31C74D6}.Release|Any CPU.Build.0 = Release|Any CPU
		{BF778B83-3DC0-4442-BB04-A786FCA0B2E0}.Debug|Any CPU.ActiveCfg = Debug|Any CPU
		{BF778B83-3DC0-4442-BB04-A786FCA0B2E0}.Debug|Any CPU.Build.0 = Debug|Any CPU
		{BF778B83-3DC0-4442-BB04-A786FCA0B2E0}.Release|Any CPU.ActiveCfg = Release|Any CPU
		{BF778B83-3DC0-4442-BB04-A786FCA0B2E0}.Release|Any CPU.Build.0 = Release|Any CPU
		{8FE9FD0A-3644-47B8-ADAE-F6154A5D77F3}.Debug|Any CPU.ActiveCfg = Debug|Any CPU
		{8FE9FD0A-3644-47B8-ADAE-F6154A5D77F3}.Debug|Any CPU.Build.0 = Debug|Any CPU
		{8FE9FD0A-3644-47B8-ADAE-F6154A5D77F3}.Release|Any CPU.ActiveCfg = Release|Any CPU
		{8FE9FD0A-3644-47B8-ADAE-F6154A5D77F3}.Release|Any CPU.Build.0 = Release|Any CPU
		{274EE6F0-F2AE-4A84-B4AC-CD2333DA2914}.Debug|Any CPU.ActiveCfg = Debug|Any CPU
		{274EE6F0-F2AE-4A84-B4AC-CD2333DA2914}.Debug|Any CPU.Build.0 = Debug|Any CPU
		{274EE6F0-F2AE-4A84-B4AC-CD2333DA2914}.Release|Any CPU.ActiveCfg = Release|Any CPU
		{274EE6F0-F2AE-4A84-B4AC-CD2333DA2914}.Release|Any CPU.Build.0 = Release|Any CPU
		{5D2F7A04-3F7D-4484-A649-079E636F6426}.Debug|Any CPU.ActiveCfg = Debug|Any CPU
		{5D2F7A04-3F7D-4484-A649-079E636F6426}.Debug|Any CPU.Build.0 = Debug|Any CPU
		{5D2F7A04-3F7D-4484-A649-079E636F6426}.Release|Any CPU.ActiveCfg = Release|Any CPU
		{5D2F7A04-3F7D-4484-A649-079E636F6426}.Release|Any CPU.Build.0 = Release|Any CPU
		{7EA8E733-7A68-4B07-9175-30C0F1058672}.Debug|Any CPU.ActiveCfg = Debug|Any CPU
		{7EA8E733-7A68-4B07-9175-30C0F1058672}.Debug|Any CPU.Build.0 = Debug|Any CPU
		{7EA8E733-7A68-4B07-9175-30C0F1058672}.Release|Any CPU.ActiveCfg = Release|Any CPU
		{7EA8E733-7A68-4B07-9175-30C0F1058672}.Release|Any CPU.Build.0 = Release|Any CPU
		{EB387DCD-5F75-4335-AB4C-4440FF570019}.Debug|Any CPU.ActiveCfg = Debug|Any CPU
		{EB387DCD-5F75-4335-AB4C-4440FF570019}.Debug|Any CPU.Build.0 = Debug|Any CPU
		{EB387DCD-5F75-4335-AB4C-4440FF570019}.Release|Any CPU.ActiveCfg = Release|Any CPU
		{EB387DCD-5F75-4335-AB4C-4440FF570019}.Release|Any CPU.Build.0 = Release|Any CPU
		{2FEABEC6-5EE1-4367-B73D-27FA82A4B6DB}.Debug|Any CPU.ActiveCfg = Debug|Any CPU
		{2FEABEC6-5EE1-4367-B73D-27FA82A4B6DB}.Debug|Any CPU.Build.0 = Debug|Any CPU
		{2FEABEC6-5EE1-4367-B73D-27FA82A4B6DB}.Release|Any CPU.ActiveCfg = Release|Any CPU
		{2FEABEC6-5EE1-4367-B73D-27FA82A4B6DB}.Release|Any CPU.Build.0 = Release|Any CPU
		{76FB77AB-7820-43C1-888D-4084CEF37C7E}.Debug|Any CPU.ActiveCfg = Debug|Any CPU
		{76FB77AB-7820-43C1-888D-4084CEF37C7E}.Debug|Any CPU.Build.0 = Debug|Any CPU
		{76FB77AB-7820-43C1-888D-4084CEF37C7E}.Release|Any CPU.ActiveCfg = Release|Any CPU
		{76FB77AB-7820-43C1-888D-4084CEF37C7E}.Release|Any CPU.Build.0 = Release|Any CPU
		{488E6025-C963-4066-A305-18E9381EFD9F}.Debug|Any CPU.ActiveCfg = Debug|Any CPU
		{488E6025-C963-4066-A305-18E9381EFD9F}.Debug|Any CPU.Build.0 = Debug|Any CPU
		{488E6025-C963-4066-A305-18E9381EFD9F}.Release|Any CPU.ActiveCfg = Release|Any CPU
		{488E6025-C963-4066-A305-18E9381EFD9F}.Release|Any CPU.Build.0 = Release|Any CPU
		{F0CBCB41-C31F-4ED7-AC50-277E8AE8FE5A}.Debug|Any CPU.ActiveCfg = Debug|Any CPU
		{F0CBCB41-C31F-4ED7-AC50-277E8AE8FE5A}.Debug|Any CPU.Build.0 = Debug|Any CPU
		{F0CBCB41-C31F-4ED7-AC50-277E8AE8FE5A}.Release|Any CPU.ActiveCfg = Release|Any CPU
		{F0CBCB41-C31F-4ED7-AC50-277E8AE8FE5A}.Release|Any CPU.Build.0 = Release|Any CPU
		{EED15B49-E592-48BA-A4EA-7C139B0F1DA9}.Debug|Any CPU.ActiveCfg = Debug|Any CPU
		{EED15B49-E592-48BA-A4EA-7C139B0F1DA9}.Debug|Any CPU.Build.0 = Debug|Any CPU
		{EED15B49-E592-48BA-A4EA-7C139B0F1DA9}.Release|Any CPU.ActiveCfg = Release|Any CPU
		{EED15B49-E592-48BA-A4EA-7C139B0F1DA9}.Release|Any CPU.Build.0 = Release|Any CPU
		{21317E3E-60C1-4777-BB4A-84393AD0E39D}.Debug|Any CPU.ActiveCfg = Debug|Any CPU
		{21317E3E-60C1-4777-BB4A-84393AD0E39D}.Debug|Any CPU.Build.0 = Debug|Any CPU
		{21317E3E-60C1-4777-BB4A-84393AD0E39D}.Release|Any CPU.ActiveCfg = Release|Any CPU
		{21317E3E-60C1-4777-BB4A-84393AD0E39D}.Release|Any CPU.Build.0 = Release|Any CPU
		{C1F7CBB4-AB37-43C6-B4A0-FAFBC070132D}.Debug|Any CPU.ActiveCfg = Debug|Any CPU
		{C1F7CBB4-AB37-43C6-B4A0-FAFBC070132D}.Debug|Any CPU.Build.0 = Debug|Any CPU
		{C1F7CBB4-AB37-43C6-B4A0-FAFBC070132D}.Release|Any CPU.ActiveCfg = Release|Any CPU
		{C1F7CBB4-AB37-43C6-B4A0-FAFBC070132D}.Release|Any CPU.Build.0 = Release|Any CPU
		{1D636496-0FCD-4364-AA0A-D678511EDAD4}.Debug|Any CPU.ActiveCfg = Debug|Any CPU
		{1D636496-0FCD-4364-AA0A-D678511EDAD4}.Debug|Any CPU.Build.0 = Debug|Any CPU
		{1D636496-0FCD-4364-AA0A-D678511EDAD4}.Release|Any CPU.ActiveCfg = Release|Any CPU
		{1D636496-0FCD-4364-AA0A-D678511EDAD4}.Release|Any CPU.Build.0 = Release|Any CPU
		{F4FD8D33-FE97-4BD7-B2D1-5C7A5E03FE26}.Debug|Any CPU.ActiveCfg = Debug|Any CPU
		{F4FD8D33-FE97-4BD7-B2D1-5C7A5E03FE26}.Debug|Any CPU.Build.0 = Debug|Any CPU
		{F4FD8D33-FE97-4BD7-B2D1-5C7A5E03FE26}.Release|Any CPU.ActiveCfg = Release|Any CPU
		{F4FD8D33-FE97-4BD7-B2D1-5C7A5E03FE26}.Release|Any CPU.Build.0 = Release|Any CPU
		{D1F9E845-421B-497A-AC5B-60FAC2B79E8F}.Debug|Any CPU.ActiveCfg = Debug|Any CPU
		{D1F9E845-421B-497A-AC5B-60FAC2B79E8F}.Debug|Any CPU.Build.0 = Debug|Any CPU
		{D1F9E845-421B-497A-AC5B-60FAC2B79E8F}.Release|Any CPU.ActiveCfg = Release|Any CPU
		{D1F9E845-421B-497A-AC5B-60FAC2B79E8F}.Release|Any CPU.Build.0 = Release|Any CPU
		{F48F54AB-DAD7-42FE-8F00-E6AA8471BAB8}.Debug|Any CPU.ActiveCfg = Debug|Any CPU
		{F48F54AB-DAD7-42FE-8F00-E6AA8471BAB8}.Debug|Any CPU.Build.0 = Debug|Any CPU
		{F48F54AB-DAD7-42FE-8F00-E6AA8471BAB8}.Release|Any CPU.ActiveCfg = Release|Any CPU
		{F48F54AB-DAD7-42FE-8F00-E6AA8471BAB8}.Release|Any CPU.Build.0 = Release|Any CPU
		{F85A7258-B828-4A65-ABEF-C3020D87953B}.Debug|Any CPU.ActiveCfg = Debug|Any CPU
		{F85A7258-B828-4A65-ABEF-C3020D87953B}.Debug|Any CPU.Build.0 = Debug|Any CPU
		{F85A7258-B828-4A65-ABEF-C3020D87953B}.Release|Any CPU.ActiveCfg = Release|Any CPU
		{F85A7258-B828-4A65-ABEF-C3020D87953B}.Release|Any CPU.Build.0 = Release|Any CPU
		{4BE2159D-F5F6-4CFA-B3FA-40A0486243B9}.Debug|Any CPU.ActiveCfg = Debug|Any CPU
		{4BE2159D-F5F6-4CFA-B3FA-40A0486243B9}.Debug|Any CPU.Build.0 = Debug|Any CPU
		{4BE2159D-F5F6-4CFA-B3FA-40A0486243B9}.Release|Any CPU.ActiveCfg = Release|Any CPU
		{4BE2159D-F5F6-4CFA-B3FA-40A0486243B9}.Release|Any CPU.Build.0 = Release|Any CPU
		{7358E961-6CCA-4100-80AB-7979887E1F8B}.Debug|Any CPU.ActiveCfg = Debug|Any CPU
		{7358E961-6CCA-4100-80AB-7979887E1F8B}.Debug|Any CPU.Build.0 = Debug|Any CPU
		{7358E961-6CCA-4100-80AB-7979887E1F8B}.Release|Any CPU.ActiveCfg = Release|Any CPU
		{7358E961-6CCA-4100-80AB-7979887E1F8B}.Release|Any CPU.Build.0 = Release|Any CPU
		{C10054DB-9033-457E-B527-8B74E5F2F6E5}.Debug|Any CPU.ActiveCfg = Debug|Any CPU
		{C10054DB-9033-457E-B527-8B74E5F2F6E5}.Debug|Any CPU.Build.0 = Debug|Any CPU
		{C10054DB-9033-457E-B527-8B74E5F2F6E5}.Release|Any CPU.ActiveCfg = Release|Any CPU
		{C10054DB-9033-457E-B527-8B74E5F2F6E5}.Release|Any CPU.Build.0 = Release|Any CPU
		{2EBBBACC-ED7C-4C9F-97D1-52DAA9308C83}.Debug|Any CPU.ActiveCfg = Debug|Any CPU
		{2EBBBACC-ED7C-4C9F-97D1-52DAA9308C83}.Debug|Any CPU.Build.0 = Debug|Any CPU
		{2EBBBACC-ED7C-4C9F-97D1-52DAA9308C83}.Release|Any CPU.ActiveCfg = Release|Any CPU
		{2EBBBACC-ED7C-4C9F-97D1-52DAA9308C83}.Release|Any CPU.Build.0 = Release|Any CPU
		{653FED67-F481-4F62-8CE7-28D8F6C4F102}.Debug|Any CPU.ActiveCfg = Debug|Any CPU
		{653FED67-F481-4F62-8CE7-28D8F6C4F102}.Debug|Any CPU.Build.0 = Debug|Any CPU
		{653FED67-F481-4F62-8CE7-28D8F6C4F102}.Release|Any CPU.ActiveCfg = Release|Any CPU
		{653FED67-F481-4F62-8CE7-28D8F6C4F102}.Release|Any CPU.Build.0 = Release|Any CPU
		{EE17A16E-D625-42B9-84BC-D56F079F6D28}.Debug|Any CPU.ActiveCfg = Debug|Any CPU
		{EE17A16E-D625-42B9-84BC-D56F079F6D28}.Debug|Any CPU.Build.0 = Debug|Any CPU
		{EE17A16E-D625-42B9-84BC-D56F079F6D28}.Release|Any CPU.ActiveCfg = Release|Any CPU
		{EE17A16E-D625-42B9-84BC-D56F079F6D28}.Release|Any CPU.Build.0 = Release|Any CPU
		{51EBC7D6-3213-481F-90E2-A40DC63BF08B}.Debug|Any CPU.ActiveCfg = Debug|Any CPU
		{51EBC7D6-3213-481F-90E2-A40DC63BF08B}.Debug|Any CPU.Build.0 = Debug|Any CPU
		{51EBC7D6-3213-481F-90E2-A40DC63BF08B}.Release|Any CPU.ActiveCfg = Release|Any CPU
		{51EBC7D6-3213-481F-90E2-A40DC63BF08B}.Release|Any CPU.Build.0 = Release|Any CPU
		{BD27FE3E-A882-4B47-9CA5-DB162FE5CD99}.Debug|Any CPU.ActiveCfg = Debug|Any CPU
		{BD27FE3E-A882-4B47-9CA5-DB162FE5CD99}.Debug|Any CPU.Build.0 = Debug|Any CPU
		{BD27FE3E-A882-4B47-9CA5-DB162FE5CD99}.Release|Any CPU.ActiveCfg = Release|Any CPU
		{BD27FE3E-A882-4B47-9CA5-DB162FE5CD99}.Release|Any CPU.Build.0 = Release|Any CPU
	EndGlobalSection
EndGlobal
